
Microsoft Visual Studio Solution File, Format Version 12.00
Project("{FAE04EC0-301F-11D3-BF4B-00C04F79EFBC}") = "WebApplication1", "WebApplication1\WebApplication1.csproj", "{C798C83D-A183-4E2E-B9A0-B7007CF74B1F}"
EndProject
Global
	GlobalSection(SolutionConfigurationPlatforms) = preSolution
		Debug|Any CPU = Debug|Any CPU
		Release|Any CPU = Release|Any CPU
	EndGlobalSection
	GlobalSection(ProjectConfigurationPlatforms) = postSolution
		{C798C83D-A183-4E2E-B9A0-B7007CF74B1F}.Debug|Any CPU.ActiveCfg = Debug|Any CPU
		{C798C83D-A183-4E2E-B9A0-B7007CF74B1F}.Debug|Any CPU.Build.0 = Debug|Any CPU
		{C798C83D-A183-4E2E-B9A0-B7007CF74B1F}.Release|Any CPU.ActiveCfg = Release|Any CPU
		{C798C83D-A183-4E2E-B9A0-B7007CF74B1F}.Release|Any CPU.Build.0 = Release|Any CPU
	EndGlobalSection
EndGlobal
